
Microsoft Visual Studio Solution File, Format Version 12.00
# Visual Studio Version 16
VisualStudioVersion = 16.0.30114.105
MinimumVisualStudioVersion = 10.0.40219.1
Project("{FAE04EC0-301F-11D3-BF4B-00C04F79EFBC}") = "ProjectCsharp", "ProjectCsharp.csproj", "{22018FDE-7561-4A6C-A04D-CE14B6602296}"
EndProject
Global
	GlobalSection(SolutionConfigurationPlatforms) = preSolution
		Debug|Any CPU = Debug|Any CPU
		Release|Any CPU = Release|Any CPU
	EndGlobalSection
	GlobalSection(ProjectConfigurationPlatforms) = postSolution
		{22018FDE-7561-4A6C-A04D-CE14B6602296}.Debug|Any CPU.ActiveCfg = Debug|Any CPU
		{22018FDE-7561-4A6C-A04D-CE14B6602296}.Debug|Any CPU.Build.0 = Debug|Any CPU
		{22018FDE-7561-4A6C-A04D-CE14B6602296}.Release|Any CPU.ActiveCfg = Release|Any CPU
		{22018FDE-7561-4A6C-A04D-CE14B6602296}.Release|Any CPU.Build.0 = Release|Any CPU
	EndGlobalSection
	GlobalSection(SolutionProperties) = preSolution
		HideSolutionNode = FALSE
	EndGlobalSection
	GlobalSection(ExtensibilityGlobals) = postSolution
		SolutionGuid = {6152FBE5-1F6C-415E-B189-93DA74A239EB}
	EndGlobalSection
EndGlobal
